version = 1
revision = 3
requires-python = ">=3.14"

[[package]]
name = "confluent-kafka"
version = "2.14.2"
source = { registry = "https://pypi.org/simple" }
sdist = { url = "https://files.pythonhosted.org/packages/ff/e5/58ac277094b03a51d9725798d0e53a60c1be69dc4330ae9cedc2d9efa430/confluent_kafka-2.14.2.tar.gz", hash = "sha256:fc827265571a778b1ff560ab2f3ec5dce3c573c29eb4cf6ded9718d55a5e4262", size = 289180, upload-time = "2026-06-03T09:53:37.63Z" }
wheels = [
    { url = "https://files.pythonhosted.org/packages/5b/7a/0ab7208fd86e7295a83a372c4978ab06d7caa36c925bb3c82fbcb4ff74fd/confluent_kafka-2.14.2-cp314-cp314-macosx_13_0_arm64.whl", hash = "sha256:f42c745e6162905bd16bc2beb6429aef38240ff0e2f1c3edde4a462f121ea9c1", size = 4187700, upload-time = "2026-06-03T09:52:22.147Z" },
    { url = "https://files.pythonhosted.org/packages/02/de/968c53892abaface22071b306333d83f61d8db5a1eb7224af61cde99e770/confluent_kafka-2.14.2-cp314-cp314-macosx_13_0_x86_64.whl", hash = "sha256:3d1e5f1853a67be1573014ad610874e4e80bdcfb1c7ca1cadaeae5c5bef88a94", size = 4190827, upload-time = "2026-06-03T09:52:27.438Z" },
    { url = "https://files.pythonhosted.org/packages/99/77/722ce2b8b6e2ad0ffe9d7a042b0d0011edb679ec292203a739d10c483e26/confluent_kafka-2.14.2-cp314-cp314-manylinux_2_28_aarch64.whl", hash = "sha256:c5f247f6c046e457f369d3f2b11cb8d133b17e8306ce63c2ae0414469819d3e6", size = 4803806, upload-time = "2026-06-03T09:52:32.392Z" },
    { url = "https://files.pythonhosted.org/packages/e8/fd/a8466ed8fd6d6f82a13fd852fa14eca8b71cbca192fe82d58677808fcae3/confluent_kafka-2.14.2-cp314-cp314-manylinux_2_28_x86_64.whl", hash = "sha256:d61e22e6cd24e518c47b3b608023d2476bca4a7525de7877ca28e323af98f832", size = 4598793, upload-time = "2026-06-03T09:52:37.059Z" },
    { url = "https://files.pythonhosted.org/packages/45/73/c74394c74541f4c06be482ef03e3d3f668a4df5e4b52bc50e6a43bb9c345/confluent_kafka-2.14.2-cp314-cp314-win_amd64.whl", hash = "sha256:cf18131b6b8137f5ea0de1ff0988eb2af40a372c31f8238b015d70ccd1c0945a", size = 4584051, upload-time = "2026-06-03T09:52:42.226Z" },
]

[[package]]
name = "financial-fraud-detection"
version = "0.1.0"
source = { virtual = "." }

[package.optional-dependencies]
kafka = [
    { name = "confluent-kafka" },
]
spark = [
    { name = "pyspark" },
]

[package.metadata]
requires-dist = [
    { name = "confluent-kafka", marker = "extra == 'kafka'" },
    { name = "pyspark", marker = "extra == 'spark'", specifier = ">=4.1,<4.2" },
]
provides-extras = ["kafka", "spark"]

[[package]]
name = "py4j"
version = "0.10.9.9"
source = { registry = "https://pypi.org/simple" }
sdist = { url = "https://files.pythonhosted.org/packages/38/31/0b210511177070c8d5d3059556194352e5753602fa64b85b7ab81ec1a009/py4j-0.10.9.9.tar.gz", hash = "sha256:f694cad19efa5bd1dee4f3e5270eb406613c974394035e5bfc4ec1aba870b879", size = 761089, upload-time = "2025-01-15T03:53:18.624Z" }
wheels = [
    { url = "https://files.pythonhosted.org/packages/bd/db/ea0203e495be491c85af87b66e37acfd3bf756fd985f87e46fc5e3bf022c/py4j-0.10.9.9-py2.py3-none-any.whl", hash = "sha256:c7c26e4158defb37b0bb124933163641a2ff6e3a3913f7811b0ddbe07ed61533", size = 203008, upload-time = "2025-01-15T03:53:15.648Z" },
]

[[package]]
name = "pyspark"
version = "4.1.2"
source = { registry = "https://pypi.org/simple" }
dependencies = [
    { name = "py4j" },
]
sdist = { url = "https://files.pythonhosted.org/packages/5e/71/4dd20c69332a2a4bf7ece8a655c9da98e4bd9b6bcea235349c1a00399d57/pyspark-4.1.2.tar.gz", hash = "sha256:fa5d6159f700d0990a07f4f62df1b7449401dccee9cd7d5d6df8957530841602", size = 455428043, upload-time = "2026-05-21T14:49:21.785Z" }
